// !$*UTF8*$!
{
	archiveVersion = 1;
	classes = {
	};
	objectVersion = 46;
	objects = {

/* Begin PBXBuildFile section */
		6561868563E3124623A2772C /* Pods_ueraniTests.framework in Frameworks */ = {isa = PBXBuildFile; fileRef = 540BABF78B677F4DC0F4B85A /* Pods_ueraniTests.framework */; settings = {ATTRIBUTES = (Weak, ); }; };
		6603AD9C1B7A3A1000ABF2F6 /* SearchViewProgress.swift in Sources */ = {isa = PBXBuildFile; fileRef = 6603AD9B1B7A3A1000ABF2F6 /* SearchViewProgress.swift */; };
		66104FD01B7D741A004E32A6 /* ClusteredPinAnnotationView.swift in Sources */ = {isa = PBXBuildFile; fileRef = 66104FCF1B7D741A004E32A6 /* ClusteredPinAnnotationView.swift */; };
		66104FD21B7D7B95004E32A6 /* CategoryPinAnnotaitonView.swift in Sources */ = {isa = PBXBuildFile; fileRef = 66104FD11B7D7B95004E32A6 /* CategoryPinAnnotaitonView.swift */; };
		661B6D021B82A23900E710B4 /* FoursquareVenueDetailsAnnotationView.swift in Sources */ = {isa = PBXBuildFile; fileRef = 661B6D011B82A23900E710B4 /* FoursquareVenueDetailsAnnotationView.swift */; };
		661B6D041B82A68B00E710B4 /* foursquare-wordmark-white.pdf in Resources */ = {isa = PBXBuildFile; fileRef = 661B6D031B82A68B00E710B4 /* foursquare-wordmark-white.pdf */; };
		66382C211B6996DF00F5644C /* Regex.swift in Sources */ = {isa = PBXBuildFile; fileRef = 66382C201B6996DF00F5644C /* Regex.swift */; };
		66382C231B69A62C00F5644C /* default_32.png in Resources */ = {isa = PBXBuildFile; fileRef = 66382C221B69A62C00F5644C /* default_32.png */; };
		66382C251B6C439E00F5644C /* AccesorizedCalloutAnnotationView.swift in Sources */ = {isa = PBXBuildFile; fileRef = 66382C241B6C439D00F5644C /* AccesorizedCalloutAnnotationView.swift */; };
		66382C271B6C4AFA00F5644C /* BasicMapAnnotationView.swift in Sources */ = {isa = PBXBuildFile; fileRef = 66382C261B6C4AFA00F5644C /* BasicMapAnnotationView.swift */; };
		66382C291B6D103100F5644C /* default_64.png in Resources */ = {isa = PBXBuildFile; fileRef = 66382C281B6D103100F5644C /* default_64.png */; };
		66382C2B1B6D312B00F5644C /* FoursquareAnnotationVenueInformationView.swift in Sources */ = {isa = PBXBuildFile; fileRef = 66382C2A1B6D312B00F5644C /* FoursquareAnnotationVenueInformationView.swift */; };
		66418A701B9A577700345AF6 /* VenueDetailController.swift in Sources */ = {isa = PBXBuildFile; fileRef = 66418A6F1B9A577700345AF6 /* VenueDetailController.swift */; };
		66418A731B9A620B00345AF6 /* VenueDetailOperation.swift in Sources */ = {isa = PBXBuildFile; fileRef = 66418A721B9A620B00345AF6 /* VenueDetailOperation.swift */; };
		66418A751B9A6EA900345AF6 /* VenueDetailViewModel.swift in Sources */ = {isa = PBXBuildFile; fileRef = 66418A741B9A6EA900345AF6 /* VenueDetailViewModel.swift */; };
		66418A791B9B519A00345AF6 /* FHours.swift in Sources */ = {isa = PBXBuildFile; fileRef = 66418A781B9B519A00345AF6 /* FHours.swift */; };
		66418A7B1B9B530A00345AF6 /* FTimeFrames.swift in Sources */ = {isa = PBXBuildFile; fileRef = 66418A7A1B9B530A00345AF6 /* FTimeFrames.swift */; };
		66418A7D1B9B549E00345AF6 /* FPrice.swift in Sources */ = {isa = PBXBuildFile; fileRef = 66418A7C1B9B549E00345AF6 /* FPrice.swift */; };
		66418A7F1B9B55B600345AF6 /* CDHours.swift in Sources */ = {isa = PBXBuildFile; fileRef = 66418A7E1B9B55B600345AF6 /* CDHours.swift */; };
		66418A811B9B567F00345AF6 /* CDTimeFrames.swift in Sources */ = {isa = PBXBuildFile; fileRef = 66418A801B9B567F00345AF6 /* CDTimeFrames.swift */; };
		66418A831B9B571200345AF6 /* CDTimeOpenFrames.swift in Sources */ = {isa = PBXBuildFile; fileRef = 66418A821B9B571200345AF6 /* CDTimeOpenFrames.swift */; };
		66418A851B9B58EA00345AF6 /* CDPrice.swift in Sources */ = {isa = PBXBuildFile; fileRef = 66418A841B9B58EA00345AF6 /* CDPrice.swift */; };
		66418A881B9B59BE00345AF6 /* map_pin_64_white.pdf in Resources */ = {isa = PBXBuildFile; fileRef = 66418A861B9B59BE00345AF6 /* map_pin_64_white.pdf */; };
		66418A891B9B59BE00345AF6 /* map_pin_64_black.pdf in Resources */ = {isa = PBXBuildFile; fileRef = 66418A871B9B59BE00345AF6 /* map_pin_64_black.pdf */; };
		664C5D7F1B7FDC7B00EDA856 /* MapViewDelegateController.swift in Sources */ = {isa = PBXBuildFile; fileRef = 664C5D7E1B7FDC7B00EDA856 /* MapViewDelegateController.swift */; };
		664C5D811B7FDCFF00EDA856 /* MapViewCategoriesTableDelegate.swift in Sources */ = {isa = PBXBuildFile; fileRef = 664C5D801B7FDCFF00EDA856 /* MapViewCategoriesTableDelegate.swift */; };
		664C5D831B7FDE1100EDA856 /* MapViewSearchDelegate.swift in Sources */ = {isa = PBXBuildFile; fileRef = 664C5D821B7FDE1100EDA856 /* MapViewSearchDelegate.swift */; };
		664C5D861B7FFC1400EDA856 /* poweredby-black.pdf in Resources */ = {isa = PBXBuildFile; fileRef = 664C5D851B7FFC1400EDA856 /* poweredby-black.pdf */; };
		6657BF031B5D565B00C94677 /* ImageCache.swift in Sources */ = {isa = PBXBuildFile; fileRef = 6657BF021B5D565B00C94677 /* ImageCache.swift */; };
		6657BF051B5D588100C94677 /* FoursquareCategoryIconWorker.swift in Sources */ = {isa = PBXBuildFile; fileRef = 6657BF041B5D588100C94677 /* FoursquareCategoryIconWorker.swift */; };
		667940681B70324E003A29A9 /* VenueCategoriesOperation.swift in Sources */ = {isa = PBXBuildFile; fileRef = 667940671B70324E003A29A9 /* VenueCategoriesOperation.swift */; };
		6684E4CB1B82AC9100B67B0A /* foursquare-logomark-white.pdf in Resources */ = {isa = PBXBuildFile; fileRef = 6684E4C91B82AC9100B67B0A /* foursquare-logomark-white.pdf */; };
		6684E4CC1B82AC9100B67B0A /* foursquare-logomark.pdf in Resources */ = {isa = PBXBuildFile; fileRef = 6684E4CA1B82AC9100B67B0A /* foursquare-logomark.pdf */; };
		6684E4CF1B82B05F00B67B0A /* LoginViewController.swift in Sources */ = {isa = PBXBuildFile; fileRef = 6684E4CE1B82B05F00B67B0A /* LoginViewController.swift */; };
		6684E4D21B82B27600B67B0A /* FSButtonButton.swift in Sources */ = {isa = PBXBuildFile; fileRef = 6684E4D11B82B27600B67B0A /* FSButtonButton.swift */; };
		6688F12D1B911E37008BF82B /* FContact.swift in Sources */ = {isa = PBXBuildFile; fileRef = 6688F12C1B911E37008BF82B /* FContact.swift */; };
		6688F12F1B911F6F008BF82B /* CDContact.swift in Sources */ = {isa = PBXBuildFile; fileRef = 6688F12E1B911F6F008BF82B /* CDContact.swift */; };
		6688F1311B912760008BF82B /* CDVenueList.swift in Sources */ = {isa = PBXBuildFile; fileRef = 6688F1301B912760008BF82B /* CDVenueList.swift */; };
		6688F1371B920221008BF82B /* UserPhotoView.swift in Sources */ = {isa = PBXBuildFile; fileRef = 6688F1361B920221008BF82B /* UserPhotoView.swift */; };
		6688F1391B9204CA008BF82B /* UserViewTop.swift in Sources */ = {isa = PBXBuildFile; fileRef = 6688F1381B9204CA008BF82B /* UserViewTop.swift */; };
		6693062E1B92AD9900E148DF /* UserRefreshOperation.swift in Sources */ = {isa = PBXBuildFile; fileRef = 6693062D1B92AD9900E148DF /* UserRefreshOperation.swift */; };
		669306301B938E2C00E148DF /* AbstractCoreDataOperation.swift in Sources */ = {isa = PBXBuildFile; fileRef = 6693062F1B938E2C00E148DF /* AbstractCoreDataOperation.swift */; };
		669306321B9524FC00E148DF /* DownloadImageUtil.swift in Sources */ = {isa = PBXBuildFile; fileRef = 669306311B9524FC00E148DF /* DownloadImageUtil.swift */; };
		669306341B97A07E00E148DF /* UserViewModel.swift in Sources */ = {isa = PBXBuildFile; fileRef = 669306331B97A07E00E148DF /* UserViewModel.swift */; };
		669306361B97D6C700E148DF /* BorderedButton.swift in Sources */ = {isa = PBXBuildFile; fileRef = 669306351B97D6C700E148DF /* BorderedButton.swift */; };
		669306381B98A43900E148DF /* UeraniColor.swift in Sources */ = {isa = PBXBuildFile; fileRef = 669306371B98A43900E148DF /* UeraniColor.swift */; };
		6693063A1B99168F00E148DF /* IconCapable.swift in Sources */ = {isa = PBXBuildFile; fileRef = 669306391B99168F00E148DF /* IconCapable.swift */; };
		66A116281B72E2A700498070 /* CoreDataStack.swift in Sources */ = {isa = PBXBuildFile; fileRef = 66A116251B72E2A700498070 /* CoreDataStack.swift */; };
		66A116291B72E2A700498070 /* CoreDataModel.swift in Sources */ = {isa = PBXBuildFile; fileRef = 66A116261B72E2A700498070 /* CoreDataModel.swift */; };
		66A1162A1B72E2A700498070 /* CoreDataStackManager.swift in Sources */ = {isa = PBXBuildFile; fileRef = 66A116271B72E2A700498070 /* CoreDataStackManager.swift */; };
		66A1162D1B72E2E500498070 /* Uerani.xcdatamodeld in Sources */ = {isa = PBXBuildFile; fileRef = 66A1162B1B72E2E500498070 /* Uerani.xcdatamodeld */; };
		66A116311B72E34C00498070 /* CDCategory.swift in Sources */ = {isa = PBXBuildFile; fileRef = 66A116301B72E34C00498070 /* CDCategory.swift */; };
		66A116351B72E68500498070 /* NSManagedObject.swift in Sources */ = {isa = PBXBuildFile; fileRef = 66A116341B72E68500498070 /* NSManagedObject.swift */; };
		66A116371B72E79000498070 /* CDIcon.swift in Sources */ = {isa = PBXBuildFile; fileRef = 66A116361B72E79000498070 /* CDIcon.swift */; };
		66A265501B88C874005C4970 /* FoursquareConstants.swift in Sources */ = {isa = PBXBuildFile; fileRef = 66A2654F1B88C874005C4970 /* FoursquareConstants.swift */; };
		66A2655E1B88FCF0005C4970 /* Images.xcassets in Resources */ = {isa = PBXBuildFile; fileRef = 66A2655D1B88FCF0005C4970 /* Images.xcassets */; };
		66A265621B890112005C4970 /* map.pdf in Resources */ = {isa = PBXBuildFile; fileRef = 66A265611B890112005C4970 /* map.pdf */; };
		66A265641B8901CB005C4970 /* user.pdf in Resources */ = {isa = PBXBuildFile; fileRef = 66A265631B8901CB005C4970 /* user.pdf */; };
		66A265661B8903A0005C4970 /* notes.pdf in Resources */ = {isa = PBXBuildFile; fileRef = 66A265651B8903A0005C4970 /* notes.pdf */; };
		66A265691B8A569A005C4970 /* UeraniTabBarViewController.swift in Sources */ = {isa = PBXBuildFile; fileRef = 66A265681B8A569A005C4970 /* UeraniTabBarViewController.swift */; };
		66A2656B1B8A5718005C4970 /* ImageUtils.swift in Sources */ = {isa = PBXBuildFile; fileRef = 66A2656A1B8A5718005C4970 /* ImageUtils.swift */; };
		66A265701B8A642D005C4970 /* UserViewController.swift in Sources */ = {isa = PBXBuildFile; fileRef = 66A2656F1B8A642D005C4970 /* UserViewController.swift */; };
		66A265721B8A9593005C4970 /* CDUser.swift in Sources */ = {isa = PBXBuildFile; fileRef = 66A265711B8A9593005C4970 /* CDUser.swift */; };
		66A265741B8A9AA6005C4970 /* CDTag.swift in Sources */ = {isa = PBXBuildFile; fileRef = 66A265731B8A9AA6005C4970 /* CDTag.swift */; };
		66A265761B8A9B3A005C4970 /* CDPhoto.swift in Sources */ = {isa = PBXBuildFile; fileRef = 66A265751B8A9B3A005C4970 /* CDPhoto.swift */; };
		66A2657A1B8A9DD7005C4970 /* CDLocation.swift in Sources */ = {isa = PBXBuildFile; fileRef = 66A265791B8A9DD7005C4970 /* CDLocation.swift */; };
		66A2657C1B8A9EC1005C4970 /* CDVenue.swift in Sources */ = {isa = PBXBuildFile; fileRef = 66A2657B1B8A9EC1005C4970 /* CDVenue.swift */; };
		66A7FC6B1B5AD6B30012358D /* AppDelegate.swift in Sources */ = {isa = PBXBuildFile; fileRef = 66A7FC6A1B5AD6B30012358D /* AppDelegate.swift */; };
		66A7FC721B5AD6B30012358D /* Main.storyboard in Resources */ = {isa = PBXBuildFile; fileRef = 66A7FC701B5AD6B30012358D /* Main.storyboard */; };
		66A7FC771B5AD6B30012358D /* LaunchScreen.xib in Resources */ = {isa = PBXBuildFile; fileRef = 66A7FC751B5AD6B30012358D /* LaunchScreen.xib */; };
		66A7FC961B5AD7470012358D /* FCategory.swift in Sources */ = {isa = PBXBuildFile; fileRef = 66A7FC8E1B5AD7470012358D /* FCategory.swift */; };
		66A7FC981B5AD7470012358D /* FIcon.swift in Sources */ = {isa = PBXBuildFile; fileRef = 66A7FC901B5AD7470012358D /* FIcon.swift */; };
		66A7FC991B5AD7470012358D /* FLocation.swift in Sources */ = {isa = PBXBuildFile; fileRef = 66A7FC911B5AD7470012358D /* FLocation.swift */; };
		66A7FC9A1B5AD7470012358D /* FPhoto.swift in Sources */ = {isa = PBXBuildFile; fileRef = 66A7FC921B5AD7470012358D /* FPhoto.swift */; };
		66A7FC9B1B5AD7470012358D /* FTag.swift in Sources */ = {isa = PBXBuildFile; fileRef = 66A7FC931B5AD7470012358D /* FTag.swift */; };
		66A7FC9C1B5AD7470012358D /* FVenue.swift in Sources */ = {isa = PBXBuildFile; fileRef = 66A7FC941B5AD7470012358D /* FVenue.swift */; };
		66A7FC9D1B5AD7470012358D /* SearchBoxCenter.swift in Sources */ = {isa = PBXBuildFile; fileRef = 66A7FC951B5AD7470012358D /* SearchBoxCenter.swift */; };
		66A7FCA11B5AD7600012358D /* HTTPClient.swift in Sources */ = {isa = PBXBuildFile; fileRef = 66A7FC9E1B5AD7600012358D /* HTTPClient.swift */; };
		66A7FCA21B5AD7600012358D /* HttpClientConstants.swift in Sources */ = {isa = PBXBuildFile; fileRef = 66A7FC9F1B5AD7600012358D /* HttpClientConstants.swift */; };
		66A7FCA31B5AD7600012358D /* HTTPClientProtocol.swift in Sources */ = {isa = PBXBuildFile; fileRef = 66A7FCA01B5AD7600012358D /* HTTPClientProtocol.swift */; };
		66A7FCAA1B5AD7A70012358D /* FoursquareClient.swift in Sources */ = {isa = PBXBuildFile; fileRef = 66A7FCA61B5AD7A70012358D /* FoursquareClient.swift */; };
		66A7FCAB1B5AD7A70012358D /* FoursquareConfig.swift in Sources */ = {isa = PBXBuildFile; fileRef = 66A7FCA71B5AD7A70012358D /* FoursquareConfig.swift */; };
		66A7FCAD1B5AD7A70012358D /* FoursquareConvenience.swift in Sources */ = {isa = PBXBuildFile; fileRef = 66A7FCA91B5AD7A70012358D /* FoursquareConvenience.swift */; };
		66A7FCB61B5AD7CA0012358D /* FoursquareLocationMapAnnotation.swift in Sources */ = {isa = PBXBuildFile; fileRef = 66A7FCAE1B5AD7CA0012358D /* FoursquareLocationMapAnnotation.swift */; };
		66A7FCB71B5AD7CA0012358D /* FoursquareLocationOperation.swift in Sources */ = {isa = PBXBuildFile; fileRef = 66A7FCAF1B5AD7CA0012358D /* FoursquareLocationOperation.swift */; };
		66A7FCB81B5AD7CA0012358D /* GeoLocation.swift in Sources */ = {isa = PBXBuildFile; fileRef = 66A7FCB01B5AD7CA0012358D /* GeoLocation.swift */; };
		66A7FCB91B5AD7CA0012358D /* LocationRequestManager.swift in Sources */ = {isa = PBXBuildFile; fileRef = 66A7FCB11B5AD7CA0012358D /* LocationRequestManager.swift */; };
		66A7FCBA1B5AD7CA0012358D /* VenueLocationSearchMediator.swift in Sources */ = {isa = PBXBuildFile; fileRef = 66A7FCB21B5AD7CA0012358D /* VenueLocationSearchMediator.swift */; };
		66A7FCBB1B5AD7CA0012358D /* MapViewController.swift in Sources */ = {isa = PBXBuildFile; fileRef = 66A7FCB31B5AD7CA0012358D /* MapViewController.swift */; };
		66A7FCBC1B5AD7CA0012358D /* RefreshMapAnnotationOperation.swift in Sources */ = {isa = PBXBuildFile; fileRef = 66A7FCB41B5AD7CA0012358D /* RefreshMapAnnotationOperation.swift */; };
		66A7FCBD1B5AD7CA0012358D /* SearchBox.swift in Sources */ = {isa = PBXBuildFile; fileRef = 66A7FCB51B5AD7CA0012358D /* SearchBox.swift */; };
		66A7FCBF1B5AD8810012358D /* MapKit.framework in Frameworks */ = {isa = PBXBuildFile; fileRef = 66A7FCBE1B5AD8810012358D /* MapKit.framework */; };
		66AC96A31B670D7500621F56 /* CalloutAnnotation.swift in Sources */ = {isa = PBXBuildFile; fileRef = 66AC96A21B670D7500621F56 /* CalloutAnnotation.swift */; };
		66AFDC5D1B60692C002413DB /* CalloutMapAnnotationView.swift in Sources */ = {isa = PBXBuildFile; fileRef = 66AFDC5C1B60692C002413DB /* CalloutMapAnnotationView.swift */; };
		66CD1B041B7974AD00F4778D /* SearchViewWtihProgress.swift in Sources */ = {isa = PBXBuildFile; fileRef = 66CD1B031B7974AD00F4778D /* SearchViewWtihProgress.swift */; };
		66F55A981B8BE23B005C2F49 /* CategoryFilter.png in Resources */ = {isa = PBXBuildFile; fileRef = 66F55A971B8BE23B005C2F49 /* CategoryFilter.png */; };
		66F55A9A1B8BE253005C2F49 /* MapView.png in Resources */ = {isa = PBXBuildFile; fileRef = 66F55A991B8BE253005C2F49 /* MapView.png */; };
		66F55AC21B8BF221005C2F49 /* CustomCallout.png in Resources */ = {isa = PBXBuildFile; fileRef = 66F55AC11B8BF221005C2F49 /* CustomCallout.png */; };
		66F55AC61B8BF9CB005C2F49 /* ConnectToFoursquare.png in Resources */ = {isa = PBXBuildFile; fileRef = 66F55AC51B8BF9CB005C2F49 /* ConnectToFoursquare.png */; };
		66F55AC81B8E3C8D005C2F49 /* DirectedGraph.swift in Sources */ = {isa = PBXBuildFile; fileRef = 66F55AC71B8E3C8D005C2F49 /* DirectedGraph.swift */; };
		66F55ACA1B8E4040005C2F49 /* SymbolGraph.swift in Sources */ = {isa = PBXBuildFile; fileRef = 66F55AC91B8E4040005C2F49 /* SymbolGraph.swift */; };
		66F55ACC1B8E4169005C2F49 /* Queue.swift in Sources */ = {isa = PBXBuildFile; fileRef = 66F55ACB1B8E4169005C2F49 /* Queue.swift */; };
		66F55ACE1B8E4232005C2F49 /* QNode.swift in Sources */ = {isa = PBXBuildFile; fileRef = 66F55ACD1B8E4232005C2F49 /* QNode.swift */; };
		66F55AD01B8E4EBE005C2F49 /* DirectedDepthFirstSearch.swift in Sources */ = {isa = PBXBuildFile; fileRef = 66F55ACF1B8E4EBE005C2F49 /* DirectedDepthFirstSearch.swift */; };
		66F55AD21B8E5E62005C2F49 /* CategroyVenueFilter.swift in Sources */ = {isa = PBXBuildFile; fileRef = 66F55AD11B8E5E62005C2F49 /* CategroyVenueFilter.swift */; };
		66F693271B5AD92000C70E52 /* FoursquareClientTests.swift in Sources */ = {isa = PBXBuildFile; fileRef = 66F693261B5AD92000C70E52 /* FoursquareClientTests.swift */; };
		66FBB1801B77CE88009374C1 /* CDSubCategory.swift in Sources */ = {isa = PBXBuildFile; fileRef = 66FBB17F1B77CE88009374C1 /* CDSubCategory.swift */; };
		B12BA67A7FD7B7356B1D2DC8 /* Pods_uerani.framework in Frameworks */ = {isa = PBXBuildFile; fileRef = FBC8C27BBF60AF6ACCDC3C0D /* Pods_uerani.framework */; settings = {ATTRIBUTES = (Weak, ); }; };
/* End PBXBuildFile section */

/* Begin PBXContainerItemProxy section */
		66A7FC7D1B5AD6B30012358D /* PBXContainerItemProxy */ = {
			isa = PBXContainerItemProxy;
			containerPortal = 66A7FC5D1B5AD6B30012358D /* Project object */;
			proxyType = 1;
			remoteGlobalIDString = 66A7FC641B5AD6B30012358D;
			remoteInfo = uerani;
		};
/* End PBXContainerItemProxy section */

/* Begin PBXFileReference section */
		540BABF78B677F4DC0F4B85A /* Pods_ueraniTests.framework */ = {isa = PBXFileReference; explicitFileType = wrapper.framework; includeInIndex = 0; path = Pods_ueraniTests.framework; sourceTree = BUILT_PRODUCTS_DIR; };
		6603AD9B1B7A3A1000ABF2F6 /* SearchViewProgress.swift */ = {isa = PBXFileReference; fileEncoding = 4; lastKnownFileType = sourcecode.swift; path = SearchViewProgress.swift; sourceTree = "<group>"; };
		66104FCF1B7D741A004E32A6 /* ClusteredPinAnnotationView.swift */ = {isa = PBXFileReference; fileEncoding = 4; lastKnownFileType = sourcecode.swift; path = ClusteredPinAnnotationView.swift; sourceTree = "<group>"; };
		66104FD11B7D7B95004E32A6 /* CategoryPinAnnotaitonView.swift */ = {isa = PBXFileReference; fileEncoding = 4; lastKnownFileType = sourcecode.swift; path = CategoryPinAnnotaitonView.swift; sourceTree = "<group>"; };
		661B6D011B82A23900E710B4 /* FoursquareVenueDetailsAnnotationView.swift */ = {isa = PBXFileReference; fileEncoding = 4; lastKnownFileType = sourcecode.swift; path = FoursquareVenueDetailsAnnotationView.swift; sourceTree = "<group>"; };
		661B6D031B82A68B00E710B4 /* foursquare-wordmark-white.pdf */ = {isa = PBXFileReference; lastKnownFileType = image.pdf; path = "foursquare-wordmark-white.pdf"; sourceTree = "<group>"; };
		66382C201B6996DF00F5644C /* Regex.swift */ = {isa = PBXFileReference; fileEncoding = 4; lastKnownFileType = sourcecode.swift; path = Regex.swift; sourceTree = "<group>"; };
		66382C221B69A62C00F5644C /* default_32.png */ = {isa = PBXFileReference; lastKnownFileType = image.png; path = default_32.png; sourceTree = "<group>"; };
		66382C241B6C439D00F5644C /* AccesorizedCalloutAnnotationView.swift */ = {isa = PBXFileReference; fileEncoding = 4; lastKnownFileType = sourcecode.swift; path = AccesorizedCalloutAnnotationView.swift; sourceTree = "<group>"; };
		66382C261B6C4AFA00F5644C /* BasicMapAnnotationView.swift */ = {isa = PBXFileReference; fileEncoding = 4; lastKnownFileType = sourcecode.swift; path = BasicMapAnnotationView.swift; sourceTree = "<group>"; };
		66382C281B6D103100F5644C /* default_64.png */ = {isa = PBXFileReference; lastKnownFileType = image.png; path = default_64.png; sourceTree = "<group>"; };
		66382C2A1B6D312B00F5644C /* FoursquareAnnotationVenueInformationView.swift */ = {isa = PBXFileReference; fileEncoding = 4; lastKnownFileType = sourcecode.swift; path = FoursquareAnnotationVenueInformationView.swift; sourceTree = "<group>"; };
		66418A6F1B9A577700345AF6 /* VenueDetailController.swift */ = {isa = PBXFileReference; fileEncoding = 4; lastKnownFileType = sourcecode.swift; path = VenueDetailController.swift; sourceTree = "<group>"; };
		66418A721B9A620B00345AF6 /* VenueDetailOperation.swift */ = {isa = PBXFileReference; fileEncoding = 4; lastKnownFileType = sourcecode.swift; path = VenueDetailOperation.swift; sourceTree = "<group>"; };
		66418A741B9A6EA900345AF6 /* VenueDetailViewModel.swift */ = {isa = PBXFileReference; fileEncoding = 4; lastKnownFileType = sourcecode.swift; path = VenueDetailViewModel.swift; sourceTree = "<group>"; };
		66418A781B9B519A00345AF6 /* FHours.swift */ = {isa = PBXFileReference; fileEncoding = 4; lastKnownFileType = sourcecode.swift; path = FHours.swift; sourceTree = "<group>"; };
		66418A7A1B9B530A00345AF6 /* FTimeFrames.swift */ = {isa = PBXFileReference; fileEncoding = 4; lastKnownFileType = sourcecode.swift; path = FTimeFrames.swift; sourceTree = "<group>"; };
		66418A7C1B9B549E00345AF6 /* FPrice.swift */ = {isa = PBXFileReference; fileEncoding = 4; lastKnownFileType = sourcecode.swift; path = FPrice.swift; sourceTree = "<group>"; };
		66418A7E1B9B55B600345AF6 /* CDHours.swift */ = {isa = PBXFileReference; fileEncoding = 4; lastKnownFileType = sourcecode.swift; path = CDHours.swift; sourceTree = "<group>"; };
		66418A801B9B567F00345AF6 /* CDTimeFrames.swift */ = {isa = PBXFileReference; fileEncoding = 4; lastKnownFileType = sourcecode.swift; path = CDTimeFrames.swift; sourceTree = "<group>"; };
		66418A821B9B571200345AF6 /* CDTimeOpenFrames.swift */ = {isa = PBXFileReference; fileEncoding = 4; lastKnownFileType = sourcecode.swift; path = CDTimeOpenFrames.swift; sourceTree = "<group>"; };
		66418A841B9B58EA00345AF6 /* CDPrice.swift */ = {isa = PBXFileReference; fileEncoding = 4; lastKnownFileType = sourcecode.swift; path = CDPrice.swift; sourceTree = "<group>"; };
		66418A861B9B59BE00345AF6 /* map_pin_64_white.pdf */ = {isa = PBXFileReference; lastKnownFileType = image.pdf; path = map_pin_64_white.pdf; sourceTree = "<group>"; };
		66418A871B9B59BE00345AF6 /* map_pin_64_black.pdf */ = {isa = PBXFileReference; lastKnownFileType = image.pdf; path = map_pin_64_black.pdf; sourceTree = "<group>"; };
		664C5D7E1B7FDC7B00EDA856 /* MapViewDelegateController.swift */ = {isa = PBXFileReference; fileEncoding = 4; lastKnownFileType = sourcecode.swift; path = MapViewDelegateController.swift; sourceTree = "<group>"; };
		664C5D801B7FDCFF00EDA856 /* MapViewCategoriesTableDelegate.swift */ = {isa = PBXFileReference; fileEncoding = 4; lastKnownFileType = sourcecode.swift; path = MapViewCategoriesTableDelegate.swift; sourceTree = "<group>"; };
		664C5D821B7FDE1100EDA856 /* MapViewSearchDelegate.swift */ = {isa = PBXFileReference; fileEncoding = 4; lastKnownFileType = sourcecode.swift; path = MapViewSearchDelegate.swift; sourceTree = "<group>"; };
		664C5D851B7FFC1400EDA856 /* poweredby-black.pdf */ = {isa = PBXFileReference; lastKnownFileType = image.pdf; path = "poweredby-black.pdf"; sourceTree = "<group>"; };
		6657BF021B5D565B00C94677 /* ImageCache.swift */ = {isa = PBXFileReference; fileEncoding = 4; lastKnownFileType = sourcecode.swift; path = ImageCache.swift; sourceTree = "<group>"; };
		6657BF041B5D588100C94677 /* FoursquareCategoryIconWorker.swift */ = {isa = PBXFileReference; fileEncoding = 4; lastKnownFileType = sourcecode.swift; path = FoursquareCategoryIconWorker.swift; sourceTree = "<group>"; };
		667940671B70324E003A29A9 /* VenueCategoriesOperation.swift */ = {isa = PBXFileReference; fileEncoding = 4; lastKnownFileType = sourcecode.swift; path = VenueCategoriesOperation.swift; sourceTree = "<group>"; };
		6684E4C91B82AC9100B67B0A /* foursquare-logomark-white.pdf */ = {isa = PBXFileReference; lastKnownFileType = image.pdf; path = "foursquare-logomark-white.pdf"; sourceTree = "<group>"; };
		6684E4CA1B82AC9100B67B0A /* foursquare-logomark.pdf */ = {isa = PBXFileReference; lastKnownFileType = image.pdf; path = "foursquare-logomark.pdf"; sourceTree = "<group>"; };
		6684E4CE1B82B05F00B67B0A /* LoginViewController.swift */ = {isa = PBXFileReference; fileEncoding = 4; lastKnownFileType = sourcecode.swift; path = LoginViewController.swift; sourceTree = "<group>"; };
		6684E4D11B82B27600B67B0A /* FSButtonButton.swift */ = {isa = PBXFileReference; fileEncoding = 4; lastKnownFileType = sourcecode.swift; path = FSButtonButton.swift; sourceTree = "<group>"; };
		6688F12C1B911E37008BF82B /* FContact.swift */ = {isa = PBXFileReference; fileEncoding = 4; lastKnownFileType = sourcecode.swift; path = FContact.swift; sourceTree = "<group>"; };
		6688F12E1B911F6F008BF82B /* CDContact.swift */ = {isa = PBXFileReference; fileEncoding = 4; lastKnownFileType = sourcecode.swift; path = CDContact.swift; sourceTree = "<group>"; };
		6688F1301B912760008BF82B /* CDVenueList.swift */ = {isa = PBXFileReference; fileEncoding = 4; lastKnownFileType = sourcecode.swift; path = CDVenueList.swift; sourceTree = "<group>"; };
		6688F1361B920221008BF82B /* UserPhotoView.swift */ = {isa = PBXFileReference; fileEncoding = 4; lastKnownFileType = sourcecode.swift; path = UserPhotoView.swift; sourceTree = "<group>"; };
		6688F1381B9204CA008BF82B /* UserViewTop.swift */ = {isa = PBXFileReference; fileEncoding = 4; lastKnownFileType = sourcecode.swift; path = UserViewTop.swift; sourceTree = "<group>"; };
		6693062D1B92AD9900E148DF /* UserRefreshOperation.swift */ = {isa = PBXFileReference; fileEncoding = 4; lastKnownFileType = sourcecode.swift; path = UserRefreshOperation.swift; sourceTree = "<group>"; };
		6693062F1B938E2C00E148DF /* AbstractCoreDataOperation.swift */ = {isa = PBXFileReference; fileEncoding = 4; lastKnownFileType = sourcecode.swift; path = AbstractCoreDataOperation.swift; sourceTree = "<group>"; };
		669306311B9524FC00E148DF /* DownloadImageUtil.swift */ = {isa = PBXFileReference; fileEncoding = 4; lastKnownFileType = sourcecode.swift; path = DownloadImageUtil.swift; sourceTree = "<group>"; };
		669306331B97A07E00E148DF /* UserViewModel.swift */ = {isa = PBXFileReference; fileEncoding = 4; lastKnownFileType = sourcecode.swift; path = UserViewModel.swift; sourceTree = "<group>"; };
		669306351B97D6C700E148DF /* BorderedButton.swift */ = {isa = PBXFileReference; fileEncoding = 4; lastKnownFileType = sourcecode.swift; path = BorderedButton.swift; sourceTree = "<group>"; };
		669306371B98A43900E148DF /* UeraniColor.swift */ = {isa = PBXFileReference; fileEncoding = 4; lastKnownFileType = sourcecode.swift; path = UeraniColor.swift; sourceTree = "<group>"; };
		669306391B99168F00E148DF /* IconCapable.swift */ = {isa = PBXFileReference; fileEncoding = 4; lastKnownFileType = sourcecode.swift; path = IconCapable.swift; sourceTree = "<group>"; };
		66A116251B72E2A700498070 /* CoreDataStack.swift */ = {isa = PBXFileReference; fileEncoding = 4; lastKnownFileType = sourcecode.swift; path = CoreDataStack.swift; sourceTree = "<group>"; };
		66A116261B72E2A700498070 /* CoreDataModel.swift */ = {isa = PBXFileReference; fileEncoding = 4; lastKnownFileType = sourcecode.swift; path = CoreDataModel.swift; sourceTree = "<group>"; };
		66A116271B72E2A700498070 /* CoreDataStackManager.swift */ = {isa = PBXFileReference; fileEncoding = 4; lastKnownFileType = sourcecode.swift; path = CoreDataStackManager.swift; sourceTree = "<group>"; };
		66A1162C1B72E2E500498070 /* Uerani.xcdatamodel */ = {isa = PBXFileReference; lastKnownFileType = wrapper.xcdatamodel; path = Uerani.xcdatamodel; sourceTree = "<group>"; };
		66A116301B72E34C00498070 /* CDCategory.swift */ = {isa = PBXFileReference; fileEncoding = 4; lastKnownFileType = sourcecode.swift; path = CDCategory.swift; sourceTree = "<group>"; };
		66A116341B72E68500498070 /* NSManagedObject.swift */ = {isa = PBXFileReference; fileEncoding = 4; lastKnownFileType = sourcecode.swift; path = NSManagedObject.swift; sourceTree = "<group>"; };
		66A116361B72E79000498070 /* CDIcon.swift */ = {isa = PBXFileReference; fileEncoding = 4; lastKnownFileType = sourcecode.swift; path = CDIcon.swift; sourceTree = "<group>"; };
		66A2654F1B88C874005C4970 /* FoursquareConstants.swift */ = {isa = PBXFileReference; fileEncoding = 4; lastKnownFileType = sourcecode.swift; path = FoursquareConstants.swift; sourceTree = "<group>"; };
		66A2655D1B88FCF0005C4970 /* Images.xcassets */ = {isa = PBXFileReference; lastKnownFileType = folder.assetcatalog; path = Images.xcassets; sourceTree = "<group>"; };
		66A265611B890112005C4970 /* map.pdf */ = {isa = PBXFileReference; lastKnownFileType = image.pdf; path = map.pdf; sourceTree = "<group>"; };
		66A265631B8901CB005C4970 /* user.pdf */ = {isa = PBXFileReference; lastKnownFileType = image.pdf; path = user.pdf; sourceTree = "<group>"; };
		66A265651B8903A0005C4970 /* notes.pdf */ = {isa = PBXFileReference; lastKnownFileType = image.pdf; path = notes.pdf; sourceTree = "<group>"; };
		66A265681B8A569A005C4970 /* UeraniTabBarViewController.swift */ = {isa = PBXFileReference; fileEncoding = 4; lastKnownFileType = sourcecode.swift; path = UeraniTabBarViewController.swift; sourceTree = "<group>"; };
		66A2656A1B8A5718005C4970 /* ImageUtils.swift */ = {isa = PBXFileReference; fileEncoding = 4; lastKnownFileType = sourcecode.swift; path = ImageUtils.swift; sourceTree = "<group>"; };
		66A2656F1B8A642D005C4970 /* UserViewController.swift */ = {isa = PBXFileReference; fileEncoding = 4; lastKnownFileType = sourcecode.swift; path = UserViewController.swift; sourceTree = "<group>"; };
		66A265711B8A9593005C4970 /* CDUser.swift */ = {isa = PBXFileReference; fileEncoding = 4; lastKnownFileType = sourcecode.swift; path = CDUser.swift; sourceTree = "<group>"; };
		66A265731B8A9AA6005C4970 /* CDTag.swift */ = {isa = PBXFileReference; fileEncoding = 4; lastKnownFileType = sourcecode.swift; path = CDTag.swift; sourceTree = "<group>"; };
		66A265751B8A9B3A005C4970 /* CDPhoto.swift */ = {isa = PBXFileReference; fileEncoding = 4; lastKnownFileType = sourcecode.swift; path = CDPhoto.swift; sourceTree = "<group>"; };
		66A265791B8A9DD7005C4970 /* CDLocation.swift */ = {isa = PBXFileReference; fileEncoding = 4; lastKnownFileType = sourcecode.swift; path = CDLocation.swift; sourceTree = "<group>"; };
		66A2657B1B8A9EC1005C4970 /* CDVenue.swift */ = {isa = PBXFileReference; fileEncoding = 4; lastKnownFileType = sourcecode.swift; path = CDVenue.swift; sourceTree = "<group>"; };
		66A7FC651B5AD6B30012358D /* uerani.app */ = {isa = PBXFileReference; explicitFileType = wrapper.application; includeInIndex = 0; path = uerani.app; sourceTree = BUILT_PRODUCTS_DIR; };
		66A7FC691B5AD6B30012358D /* Info.plist */ = {isa = PBXFileReference; lastKnownFileType = text.plist.xml; path = Info.plist; sourceTree = "<group>"; };
		66A7FC6A1B5AD6B30012358D /* AppDelegate.swift */ = {isa = PBXFileReference; lastKnownFileType = sourcecode.swift; path = AppDelegate.swift; sourceTree = "<group>"; };
		66A7FC711B5AD6B30012358D /* Base */ = {isa = PBXFileReference; lastKnownFileType = file.storyboard; name = Base; path = Base.lproj/Main.storyboard; sourceTree = "<group>"; };
		66A7FC761B5AD6B30012358D /* Base */ = {isa = PBXFileReference; lastKnownFileType = file.xib; name = Base; path = Base.lproj/LaunchScreen.xib; sourceTree = "<group>"; };
		66A7FC7C1B5AD6B30012358D /* ueraniTests.xctest */ = {isa = PBXFileReference; explicitFileType = wrapper.cfbundle; includeInIndex = 0; path = ueraniTests.xctest; sourceTree = BUILT_PRODUCTS_DIR; };
		66A7FC811B5AD6B30012358D /* Info.plist */ = {isa = PBXFileReference; lastKnownFileType = text.plist.xml; path = Info.plist; sourceTree = "<group>"; };
		66A7FC8E1B5AD7470012358D /* FCategory.swift */ = {isa = PBXFileReference; fileEncoding = 4; lastKnownFileType = sourcecode.swift; path = FCategory.swift; sourceTree = "<group>"; };
		66A7FC901B5AD7470012358D /* FIcon.swift */ = {isa = PBXFileReference; fileEncoding = 4; lastKnownFileType = sourcecode.swift; path = FIcon.swift; sourceTree = "<group>"; };
		66A7FC911B5AD7470012358D /* FLocation.swift */ = {isa = PBXFileReference; fileEncoding = 4; lastKnownFileType = sourcecode.swift; path = FLocation.swift; sourceTree = "<group>"; };
		66A7FC921B5AD7470012358D /* FPhoto.swift */ = {isa = PBXFileReference; fileEncoding = 4; lastKnownFileType = sourcecode.swift; path = FPhoto.swift; sourceTree = "<group>"; };
		66A7FC931B5AD7470012358D /* FTag.swift */ = {isa = PBXFileReference; fileEncoding = 4; lastKnownFileType = sourcecode.swift; path = FTag.swift; sourceTree = "<group>"; };
		66A7FC941B5AD7470012358D /* FVenue.swift */ = {isa = PBXFileReference; fileEncoding = 4; lastKnownFileType = sourcecode.swift; path = FVenue.swift; sourceTree = "<group>"; };
		66A7FC951B5AD7470012358D /* SearchBoxCenter.swift */ = {isa = PBXFileReference; fileEncoding = 4; lastKnownFileType = sourcecode.swift; path = SearchBoxCenter.swift; sourceTree = "<group>"; };
		66A7FC9E1B5AD7600012358D /* HTTPClient.swift */ = {isa = PBXFileReference; fileEncoding = 4; lastKnownFileType = sourcecode.swift; path = HTTPClient.swift; sourceTree = "<group>"; };
		66A7FC9F1B5AD7600012358D /* HttpClientConstants.swift */ = {isa = PBXFileReference; fileEncoding = 4; lastKnownFileType = sourcecode.swift; path = HttpClientConstants.swift; sourceTree = "<group>"; };
		66A7FCA01B5AD7600012358D /* HTTPClientProtocol.swift */ = {isa = PBXFileReference; fileEncoding = 4; lastKnownFileType = sourcecode.swift; path = HTTPClientProtocol.swift; sourceTree = "<group>"; };
		66A7FCA61B5AD7A70012358D /* FoursquareClient.swift */ = {isa = PBXFileReference; fileEncoding = 4; lastKnownFileType = sourcecode.swift; path = FoursquareClient.swift; sourceTree = "<group>"; };
		66A7FCA71B5AD7A70012358D /* FoursquareConfig.swift */ = {isa = PBXFileReference; fileEncoding = 4; lastKnownFileType = sourcecode.swift; path = FoursquareConfig.swift; sourceTree = "<group>"; };
		66A7FCA91B5AD7A70012358D /* FoursquareConvenience.swift */ = {isa = PBXFileReference; fileEncoding = 4; lastKnownFileType = sourcecode.swift; path = FoursquareConvenience.swift; sourceTree = "<group>"; };
		66A7FCAE1B5AD7CA0012358D /* FoursquareLocationMapAnnotation.swift */ = {isa = PBXFileReference; fileEncoding = 4; lastKnownFileType = sourcecode.swift; path = FoursquareLocationMapAnnotation.swift; sourceTree = "<group>"; };
		66A7FCAF1B5AD7CA0012358D /* FoursquareLocationOperation.swift */ = {isa = PBXFileReference; fileEncoding = 4; lastKnownFileType = sourcecode.swift; path = FoursquareLocationOperation.swift; sourceTree = "<group>"; };
		66A7FCB01B5AD7CA0012358D /* GeoLocation.swift */ = {isa = PBXFileReference; fileEncoding = 4; lastKnownFileType = sourcecode.swift; path = GeoLocation.swift; sourceTree = "<group>"; };
		66A7FCB11B5AD7CA0012358D /* LocationRequestManager.swift */ = {isa = PBXFileReference; fileEncoding = 4; lastKnownFileType = sourcecode.swift; path = LocationRequestManager.swift; sourceTree = "<group>"; };
		66A7FCB21B5AD7CA0012358D /* VenueLocationSearchMediator.swift */ = {isa = PBXFileReference; fileEncoding = 4; lastKnownFileType = sourcecode.swift; path = VenueLocationSearchMediator.swift; sourceTree = "<group>"; };
		66A7FCB31B5AD7CA0012358D /* MapViewController.swift */ = {isa = PBXFileReference; fileEncoding = 4; lastKnownFileType = sourcecode.swift; path = MapViewController.swift; sourceTree = "<group>"; };
		66A7FCB41B5AD7CA0012358D /* RefreshMapAnnotationOperation.swift */ = {isa = PBXFileReference; fileEncoding = 4; lastKnownFileType = sourcecode.swift; path = RefreshMapAnnotationOperation.swift; sourceTree = "<group>"; };
		66A7FCB51B5AD7CA0012358D /* SearchBox.swift */ = {isa = PBXFileReference; fileEncoding = 4; lastKnownFileType = sourcecode.swift; path = SearchBox.swift; sourceTree = "<group>"; };
		66A7FCBE1B5AD8810012358D /* MapKit.framework */ = {isa = PBXFileReference; lastKnownFileType = wrapper.framework; name = MapKit.framework; path = System/Library/Frameworks/MapKit.framework; sourceTree = SDKROOT; };
		66AC96A21B670D7500621F56 /* CalloutAnnotation.swift */ = {isa = PBXFileReference; fileEncoding = 4; lastKnownFileType = sourcecode.swift; path = CalloutAnnotation.swift; sourceTree = "<group>"; };
		66AFDC5C1B60692C002413DB /* CalloutMapAnnotationView.swift */ = {isa = PBXFileReference; fileEncoding = 4; lastKnownFileType = sourcecode.swift; path = CalloutMapAnnotationView.swift; sourceTree = "<group>"; };
		66CD1B031B7974AD00F4778D /* SearchViewWtihProgress.swift */ = {isa = PBXFileReference; fileEncoding = 4; lastKnownFileType = sourcecode.swift; path = SearchViewWtihProgress.swift; sourceTree = "<group>"; };
		66F55A971B8BE23B005C2F49 /* CategoryFilter.png */ = {isa = PBXFileReference; lastKnownFileType = image.png; path = CategoryFilter.png; sourceTree = "<group>"; };
		66F55A991B8BE253005C2F49 /* MapView.png */ = {isa = PBXFileReference; lastKnownFileType = image.png; path = MapView.png; sourceTree = "<group>"; };
		66F55AC11B8BF221005C2F49 /* CustomCallout.png */ = {isa = PBXFileReference; lastKnownFileType = image.png; path = CustomCallout.png; sourceTree = "<group>"; };
		66F55AC31B8BF712005C2F49 /* readme.md */ = {isa = PBXFileReference; fileEncoding = 4; lastKnownFileType = net.daringfireball.markdown; path = readme.md; sourceTree = "<group>"; };
		66F55AC51B8BF9CB005C2F49 /* ConnectToFoursquare.png */ = {isa = PBXFileReference; lastKnownFileType = image.png; path = ConnectToFoursquare.png; sourceTree = "<group>"; };
		66F55AC71B8E3C8D005C2F49 /* DirectedGraph.swift */ = {isa = PBXFileReference; fileEncoding = 4; lastKnownFileType = sourcecode.swift; path = DirectedGraph.swift; sourceTree = "<group>"; };
		66F55AC91B8E4040005C2F49 /* SymbolGraph.swift */ = {isa = PBXFileReference; fileEncoding = 4; lastKnownFileType = sourcecode.swift; path = SymbolGraph.swift; sourceTree = "<group>"; };
		66F55ACB1B8E4169005C2F49 /* Queue.swift */ = {isa = PBXFileReference; fileEncoding = 4; lastKnownFileType = sourcecode.swift; path = Queue.swift; sourceTree = "<group>"; };
		66F55ACD1B8E4232005C2F49 /* QNode.swift */ = {isa = PBXFileReference; fileEncoding = 4; lastKnownFileType = sourcecode.swift; path = QNode.swift; sourceTree = "<group>"; };
		66F55ACF1B8E4EBE005C2F49 /* DirectedDepthFirstSearch.swift */ = {isa = PBXFileReference; fileEncoding = 4; lastKnownFileType = sourcecode.swift; path = DirectedDepthFirstSearch.swift; sourceTree = "<group>"; };
		66F55AD11B8E5E62005C2F49 /* CategroyVenueFilter.swift */ = {isa = PBXFileReference; fileEncoding = 4; lastKnownFileType = sourcecode.swift; path = CategroyVenueFilter.swift; sourceTree = "<group>"; };
		66F693261B5AD92000C70E52 /* FoursquareClientTests.swift */ = {isa = PBXFileReference; fileEncoding = 4; lastKnownFileType = sourcecode.swift; path = FoursquareClientTests.swift; sourceTree = "<group>"; };
		66FBB17F1B77CE88009374C1 /* CDSubCategory.swift */ = {isa = PBXFileReference; fileEncoding = 4; lastKnownFileType = sourcecode.swift; path = CDSubCategory.swift; sourceTree = "<group>"; };
		85E0F1A40D3471844F2285F2 /* Pods-uerani.debug.xcconfig */ = {isa = PBXFileReference; includeInIndex = 1; lastKnownFileType = text.xcconfig; name = "Pods-uerani.debug.xcconfig"; path = "Pods/Target Support Files/Pods-uerani/Pods-uerani.debug.xcconfig"; sourceTree = "<group>"; };
		9A8F73D411711F3734457C38 /* Pods-uerani.release.xcconfig */ = {isa = PBXFileReference; includeInIndex = 1; lastKnownFileType = text.xcconfig; name = "Pods-uerani.release.xcconfig"; path = "Pods/Target Support Files/Pods-uerani/Pods-uerani.release.xcconfig"; sourceTree = "<group>"; };
		FAB889540958862FE601A106 /* Pods-ueraniTests.release.xcconfig */ = {isa = PBXFileReference; includeInIndex = 1; lastKnownFileType = text.xcconfig; name = "Pods-ueraniTests.release.xcconfig"; path = "Pods/Target Support Files/Pods-ueraniTests/Pods-ueraniTests.release.xcconfig"; sourceTree = "<group>"; };
		FBC8C27BBF60AF6ACCDC3C0D /* Pods_uerani.framework */ = {isa = PBXFileReference; explicitFileType = wrapper.framework; includeInIndex = 0; path = Pods_uerani.framework; sourceTree = BUILT_PRODUCTS_DIR; };
		FC7C39EDE3E827EA1A81B3A5 /* Pods-ueraniTests.debug.xcconfig */ = {isa = PBXFileReference; includeInIndex = 1; lastKnownFileType = text.xcconfig; name = "Pods-ueraniTests.debug.xcconfig"; path = "Pods/Target Support Files/Pods-ueraniTests/Pods-ueraniTests.debug.xcconfig"; sourceTree = "<group>"; };
/* End PBXFileReference section */

/* Begin PBXFrameworksBuildPhase section */
		66A7FC621B5AD6B30012358D /* Frameworks */ = {
			isa = PBXFrameworksBuildPhase;
			buildActionMask = 2147483647;
			files = (
				66A7FCBF1B5AD8810012358D /* MapKit.framework in Frameworks */,
				B12BA67A7FD7B7356B1D2DC8 /* Pods_uerani.framework in Frameworks */,
			);
			runOnlyForDeploymentPostprocessing = 0;
		};
		66A7FC791B5AD6B30012358D /* Frameworks */ = {
			isa = PBXFrameworksBuildPhase;
			buildActionMask = 2147483647;
			files = (
				6561868563E3124623A2772C /* Pods_ueraniTests.framework in Frameworks */,
			);
			runOnlyForDeploymentPostprocessing = 0;
		};
/* End PBXFrameworksBuildPhase section */

/* Begin PBXGroup section */
		66382C1D1B69899C00F5644C /* images */ = {
			isa = PBXGroup;
			children = (
				66418A861B9B59BE00345AF6 /* map_pin_64_white.pdf */,
				66418A871B9B59BE00345AF6 /* map_pin_64_black.pdf */,
				66F55AC51B8BF9CB005C2F49 /* ConnectToFoursquare.png */,
				66F55A991B8BE253005C2F49 /* MapView.png */,
				66F55AC11B8BF221005C2F49 /* CustomCallout.png */,
				66F55A971B8BE23B005C2F49 /* CategoryFilter.png */,
				66A265651B8903A0005C4970 /* notes.pdf */,
				66A265631B8901CB005C4970 /* user.pdf */,
				66A265611B890112005C4970 /* map.pdf */,
				6684E4C91B82AC9100B67B0A /* foursquare-logomark-white.pdf */,
				6684E4CA1B82AC9100B67B0A /* foursquare-logomark.pdf */,
				661B6D031B82A68B00E710B4 /* foursquare-wordmark-white.pdf */,
				664C5D851B7FFC1400EDA856 /* poweredby-black.pdf */,
				66382C281B6D103100F5644C /* default_64.png */,
				66382C221B69A62C00F5644C /* default_32.png */,
			);
			name = images;
			sourceTree = "<group>";
		};
		66418A6E1B9A575900345AF6 /* venueDetail */ = {
			isa = PBXGroup;
			children = (
				66418A711B9A61E200345AF6 /* operations */,
				66418A6F1B9A577700345AF6 /* VenueDetailController.swift */,
				66418A741B9A6EA900345AF6 /* VenueDetailViewModel.swift */,
			);
			name = venueDetail;
			sourceTree = "<group>";
		};
		66418A711B9A61E200345AF6 /* operations */ = {
			isa = PBXGroup;
			children = (
				66418A721B9A620B00345AF6 /* VenueDetailOperation.swift */,
			);
			name = operations;
			sourceTree = "<group>";
		};
		6684E4CD1B82AFC400B67B0A /* login */ = {
			isa = PBXGroup;
			children = (
				6684E4CE1B82B05F00B67B0A /* LoginViewController.swift */,
			);
			name = login;
			sourceTree = "<group>";
		};
		6684E4D01B82B26000B67B0A /* view */ = {
			isa = PBXGroup;
			children = (
				669306351B97D6C700E148DF /* BorderedButton.swift */,
				6684E4D11B82B27600B67B0A /* FSButtonButton.swift */,
			);
			name = view;
			sourceTree = "<group>";
		};
		6688F1351B91FD0A008BF82B /* views */ = {
			isa = PBXGroup;
			children = (
				6688F1361B920221008BF82B /* UserPhotoView.swift */,
				6688F1381B9204CA008BF82B /* UserViewTop.swift */,
			);
			name = views;
			sourceTree = "<group>";
		};
		6693062C1B92ACF600E148DF /* operations */ = {
			isa = PBXGroup;
			children = (
				6693062D1B92AD9900E148DF /* UserRefreshOperation.swift */,
			);
			name = operations;
			sourceTree = "<group>";
		};
		66A1162E1B72E30000498070 /* realm */ = {
			isa = PBXGroup;
			children = (
				66A7FC8E1B5AD7470012358D /* FCategory.swift */,
				66A7FC901B5AD7470012358D /* FIcon.swift */,
				66A7FC911B5AD7470012358D /* FLocation.swift */,
				66A7FC921B5AD7470012358D /* FPhoto.swift */,
				66A7FC931B5AD7470012358D /* FTag.swift */,
				66A7FC941B5AD7470012358D /* FVenue.swift */,
				66A7FC951B5AD7470012358D /* SearchBoxCenter.swift */,
				6688F12C1B911E37008BF82B /* FContact.swift */,
				66418A781B9B519A00345AF6 /* FHours.swift */,
				66418A7A1B9B530A00345AF6 /* FTimeFrames.swift */,
				66418A7C1B9B549E00345AF6 /* FPrice.swift */,
			);
			name = realm;
			sourceTree = "<group>";
		};
		66A1162F1B72E31E00498070 /* CoreData */ = {
			isa = PBXGroup;
			children = (
				66A116341B72E68500498070 /* NSManagedObject.swift */,
				66A116301B72E34C00498070 /* CDCategory.swift */,
				66A116361B72E79000498070 /* CDIcon.swift */,
				66FBB17F1B77CE88009374C1 /* CDSubCategory.swift */,
				66A265711B8A9593005C4970 /* CDUser.swift */,
				66A265731B8A9AA6005C4970 /* CDTag.swift */,
				66A265751B8A9B3A005C4970 /* CDPhoto.swift */,
				66A265791B8A9DD7005C4970 /* CDLocation.swift */,
				66A2657B1B8A9EC1005C4970 /* CDVenue.swift */,
				6688F12E1B911F6F008BF82B /* CDContact.swift */,
				6688F1301B912760008BF82B /* CDVenueList.swift */,
				66418A7E1B9B55B600345AF6 /* CDHours.swift */,
				66418A801B9B567F00345AF6 /* CDTimeFrames.swift */,
				66418A821B9B571200345AF6 /* CDTimeOpenFrames.swift */,
				66418A841B9B58EA00345AF6 /* CDPrice.swift */,
			);
			name = CoreData;
			sourceTree = "<group>";
		};
		66A265671B8A5665005C4970 /* TabBar */ = {
			isa = PBXGroup;
			children = (
				66A265681B8A569A005C4970 /* UeraniTabBarViewController.swift */,
			);
			name = TabBar;
			sourceTree = "<group>";
		};
		66A2656E1B8A6405005C4970 /* User */ = {
			isa = PBXGroup;
			children = (
				6693062C1B92ACF600E148DF /* operations */,
				6688F1351B91FD0A008BF82B /* views */,
				66A2656F1B8A642D005C4970 /* UserViewController.swift */,
				669306331B97A07E00E148DF /* UserViewModel.swift */,
			);
			name = User;
			sourceTree = "<group>";
		};
		66A7FC5C1B5AD6B30012358D = {
			isa = PBXGroup;
			children = (
				66F55AC31B8BF712005C2F49 /* readme.md */,
				66A7FCBE1B5AD8810012358D /* MapKit.framework */,
				66A7FC671B5AD6B30012358D /* uerani */,
				66A7FC7F1B5AD6B30012358D /* ueraniTests */,
				66A7FC661B5AD6B30012358D /* Products */,
				7F3F87F07202F30AE16946AE /* Pods */,
				684E991BACD8B82301B06225 /* Frameworks */,
			);
			sourceTree = "<group>";
		};
		66A7FC661B5AD6B30012358D /* Products */ = {
			isa = PBXGroup;
			children = (
				66A7FC651B5AD6B30012358D /* uerani.app */,
				66A7FC7C1B5AD6B30012358D /* ueraniTests.xctest */,
			);
			name = Products;
			sourceTree = "<group>";
		};
		66A7FC671B5AD6B30012358D /* uerani */ = {
			isa = PBXGroup;
			children = (
				66A116251B72E2A700498070 /* CoreDataStack.swift */,
				66A116261B72E2A700498070 /* CoreDataModel.swift */,
				66A116271B72E2A700498070 /* CoreDataStackManager.swift */,
				66382C201B6996DF00F5644C /* Regex.swift */,
				66A7FC6A1B5AD6B30012358D /* AppDelegate.swift */,
				6657BF021B5D565B00C94677 /* ImageCache.swift */,
				66418A6E1B9A575900345AF6 /* venueDetail */,
				66A2656E1B8A6405005C4970 /* User */,
				66A265671B8A5665005C4970 /* TabBar */,
				6684E4D01B82B26000B67B0A /* view */,
				66A7FC8C1B5AD71D0012358D /* Model */,
				66A7FCA41B5AD76A0012358D /* Map */,
				6684E4CD1B82AFC400B67B0A /* login */,
				66A7FC681B5AD6B30012358D /* Supporting Files */,
			);
			path = uerani;
			sourceTree = "<group>";
		};
		66A7FC681B5AD6B30012358D /* Supporting Files */ = {
			isa = PBXGroup;
			children = (
				66A2655D1B88FCF0005C4970 /* Images.xcassets */,
				66A1162B1B72E2E500498070 /* Uerani.xcdatamodeld */,
				66382C1D1B69899C00F5644C /* images */,
				66A7FC701B5AD6B30012358D /* Main.storyboard */,
				66A7FC751B5AD6B30012358D /* LaunchScreen.xib */,
				66A7FC691B5AD6B30012358D /* Info.plist */,
			);
			name = "Supporting Files";
			sourceTree = "<group>";
		};
		66A7FC7F1B5AD6B30012358D /* ueraniTests */ = {
			isa = PBXGroup;
			children = (
				66F693261B5AD92000C70E52 /* FoursquareClientTests.swift */,
				66A7FC801B5AD6B30012358D /* Supporting Files */,
			);
			path = ueraniTests;
			sourceTree = "<group>";
		};
		66A7FC801B5AD6B30012358D /* Supporting Files */ = {
			isa = PBXGroup;
			children = (
				66A7FC811B5AD6B30012358D /* Info.plist */,
			);
			name = "Supporting Files";
			sourceTree = "<group>";
		};
		66A7FC8C1B5AD71D0012358D /* Model */ = {
			isa = PBXGroup;
			children = (
				66A7FC8D1B5AD7260012358D /* Foursquare */,
				66A7FC9E1B5AD7600012358D /* HTTPClient.swift */,
				66A7FC9F1B5AD7600012358D /* HttpClientConstants.swift */,
				66A7FCA01B5AD7600012358D /* HTTPClientProtocol.swift */,
			);
			name = Model;
			sourceTree = "<group>";
		};
		66A7FC8D1B5AD7260012358D /* Foursquare */ = {
			isa = PBXGroup;
			children = (
				66A7FCA61B5AD7A70012358D /* FoursquareClient.swift */,
				66A2654F1B88C874005C4970 /* FoursquareConstants.swift */,
				66A7FCA71B5AD7A70012358D /* FoursquareConfig.swift */,
				66A7FCA91B5AD7A70012358D /* FoursquareConvenience.swift */,
				66A7FCA51B5AD7920012358D /* Model */,
			);
			name = Foursquare;
			sourceTree = "<group>";
		};
		66A7FCA41B5AD76A0012358D /* Map */ = {
			isa = PBXGroup;
			children = (
				66CCDB2B1B7EB24C00810EDF /* controllers */,
				66CCDB2A1B7EB22A00810EDF /* utils */,
				66CCDB291B7EB21C00810EDF /* annotations */,
				66CCDB281B7EB1EB00810EDF /* operations */,
				66CCDB271B7EB1CC00810EDF /* views */,
			);
			name = Map;
			sourceTree = "<group>";
		};
		66A7FCA51B5AD7920012358D /* Model */ = {
			isa = PBXGroup;
			children = (
				66A1162F1B72E31E00498070 /* CoreData */,
				66A1162E1B72E30000498070 /* realm */,
				669306391B99168F00E148DF /* IconCapable.swift */,
			);
			name = Model;
			sourceTree = "<group>";
		};
		66CCDB271B7EB1CC00810EDF /* views */ = {
			isa = PBXGroup;
			children = (
				66382C261B6C4AFA00F5644C /* BasicMapAnnotationView.swift */,
				66AFDC5C1B60692C002413DB /* CalloutMapAnnotationView.swift */,
				66382C241B6C439D00F5644C /* AccesorizedCalloutAnnotationView.swift */,
				66104FCF1B7D741A004E32A6 /* ClusteredPinAnnotationView.swift */,
				66104FD11B7D7B95004E32A6 /* CategoryPinAnnotaitonView.swift */,
				66382C2A1B6D312B00F5644C /* FoursquareAnnotationVenueInformationView.swift */,
				661B6D011B82A23900E710B4 /* FoursquareVenueDetailsAnnotationView.swift */,
				66CD1B031B7974AD00F4778D /* SearchViewWtihProgress.swift */,
				6603AD9B1B7A3A1000ABF2F6 /* SearchViewProgress.swift */,
			);
			name = views;
			sourceTree = "<group>";
		};
		66CCDB281B7EB1EB00810EDF /* operations */ = {
			isa = PBXGroup;
			children = (
				66A7FCAF1B5AD7CA0012358D /* FoursquareLocationOperation.swift */,
				66A7FCB41B5AD7CA0012358D /* RefreshMapAnnotationOperation.swift */,
				6657BF041B5D588100C94677 /* FoursquareCategoryIconWorker.swift */,
				667940671B70324E003A29A9 /* VenueCategoriesOperation.swift */,
				6693062F1B938E2C00E148DF /* AbstractCoreDataOperation.swift */,
			);
			name = operations;
			sourceTree = "<group>";
		};
		66CCDB291B7EB21C00810EDF /* annotations */ = {
			isa = PBXGroup;
			children = (
				66A7FCAE1B5AD7CA0012358D /* FoursquareLocationMapAnnotation.swift */,
				66AC96A21B670D7500621F56 /* CalloutAnnotation.swift */,
			);
			name = annotations;
			sourceTree = "<group>";
		};
		66CCDB2A1B7EB22A00810EDF /* utils */ = {
			isa = PBXGroup;
			children = (
				66A7FCB01B5AD7CA0012358D /* GeoLocation.swift */,
				66A7FCB11B5AD7CA0012358D /* LocationRequestManager.swift */,
				66A7FCB21B5AD7CA0012358D /* VenueLocationSearchMediator.swift */,
				66A7FCB51B5AD7CA0012358D /* SearchBox.swift */,
				66A2656A1B8A5718005C4970 /* ImageUtils.swift */,
				66F55AC71B8E3C8D005C2F49 /* DirectedGraph.swift */,
				66F55AC91B8E4040005C2F49 /* SymbolGraph.swift */,
				66F55ACB1B8E4169005C2F49 /* Queue.swift */,
				66F55ACD1B8E4232005C2F49 /* QNode.swift */,
				66F55ACF1B8E4EBE005C2F49 /* DirectedDepthFirstSearch.swift */,
				66F55AD11B8E5E62005C2F49 /* CategroyVenueFilter.swift */,
				669306311B9524FC00E148DF /* DownloadImageUtil.swift */,
				669306371B98A43900E148DF /* UeraniColor.swift */,
			);
			name = utils;
			sourceTree = "<group>";
		};
		66CCDB2B1B7EB24C00810EDF /* controllers */ = {
			isa = PBXGroup;
			children = (
				66A7FCB31B5AD7CA0012358D /* MapViewController.swift */,
				664C5D7E1B7FDC7B00EDA856 /* MapViewDelegateController.swift */,
				664C5D801B7FDCFF00EDA856 /* MapViewCategoriesTableDelegate.swift */,
				664C5D821B7FDE1100EDA856 /* MapViewSearchDelegate.swift */,
			);
			name = controllers;
			sourceTree = "<group>";
		};
		684E991BACD8B82301B06225 /* Frameworks */ = {
			isa = PBXGroup;
			children = (
				FBC8C27BBF60AF6ACCDC3C0D /* Pods_uerani.framework */,
				540BABF78B677F4DC0F4B85A /* Pods_ueraniTests.framework */,
			);
			name = Frameworks;
			sourceTree = "<group>";
		};
		7F3F87F07202F30AE16946AE /* Pods */ = {
			isa = PBXGroup;
			children = (
				85E0F1A40D3471844F2285F2 /* Pods-uerani.debug.xcconfig */,
				9A8F73D411711F3734457C38 /* Pods-uerani.release.xcconfig */,
				FC7C39EDE3E827EA1A81B3A5 /* Pods-ueraniTests.debug.xcconfig */,
				FAB889540958862FE601A106 /* Pods-ueraniTests.release.xcconfig */,
			);
			name = Pods;
			sourceTree = "<group>";
		};
/* End PBXGroup section */

/* Begin PBXNativeTarget section */
		66A7FC641B5AD6B30012358D /* uerani */ = {
			isa = PBXNativeTarget;
			buildConfigurationList = 66A7FC861B5AD6B30012358D /* Build configuration list for PBXNativeTarget "uerani" */;
			buildPhases = (
				360B132DA0B79423764D68FF /* Check Pods Manifest.lock */,
				66A7FC611B5AD6B30012358D /* Sources */,
				66A7FC621B5AD6B30012358D /* Frameworks */,
				66A7FC631B5AD6B30012358D /* Resources */,
				654A0539D0FCC55AA8052AA2 /* Embed Pods Frameworks */,
				BE5A94EEE932B142D0C36EF0 /* Copy Pods Resources */,
			);
			buildRules = (
			);
			dependencies = (
			);
			name = uerani;
			productName = uerani;
			productReference = 66A7FC651B5AD6B30012358D /* uerani.app */;
			productType = "com.apple.product-type.application";
		};
		66A7FC7B1B5AD6B30012358D /* ueraniTests */ = {
			isa = PBXNativeTarget;
			buildConfigurationList = 66A7FC891B5AD6B30012358D /* Build configuration list for PBXNativeTarget "ueraniTests" */;
			buildPhases = (
				D47358DD3416FF5B115BEF15 /* Check Pods Manifest.lock */,
				66A7FC781B5AD6B30012358D /* Sources */,
				66A7FC791B5AD6B30012358D /* Frameworks */,
				66A7FC7A1B5AD6B30012358D /* Resources */,
				DAF51ED504F1402BC4ECB7AA /* Embed Pods Frameworks */,
				608E49545762085092641435 /* Copy Pods Resources */,
			);
			buildRules = (
			);
			dependencies = (
				66A7FC7E1B5AD6B30012358D /* PBXTargetDependency */,
			);
			name = ueraniTests;
			productName = ueraniTests;
			productReference = 66A7FC7C1B5AD6B30012358D /* ueraniTests.xctest */;
			productType = "com.apple.product-type.bundle.unit-test";
		};
/* End PBXNativeTarget section */

/* Begin PBXProject section */
		66A7FC5D1B5AD6B30012358D /* Project object */ = {
			isa = PBXProject;
			attributes = {
				LastUpgradeCheck = 0640;
				ORGANIZATIONNAME = "Ignacio Moreno";
				TargetAttributes = {
					66A7FC641B5AD6B30012358D = {
						CreatedOnToolsVersion = 6.4;
						SystemCapabilities = {
							com.apple.Maps.iOS = {
								enabled = 1;
							};
						};
					};
					66A7FC7B1B5AD6B30012358D = {
						CreatedOnToolsVersion = 6.4;
						TestTargetID = 66A7FC641B5AD6B30012358D;
					};
				};
			};
			buildConfigurationList = 66A7FC601B5AD6B30012358D /* Build configuration list for PBXProject "uerani" */;
			compatibilityVersion = "Xcode 3.2";
			developmentRegion = English;
			hasScannedForEncodings = 0;
			knownRegions = (
				en,
				Base,
			);
			mainGroup = 66A7FC5C1B5AD6B30012358D;
			productRefGroup = 66A7FC661B5AD6B30012358D /* Products */;
			projectDirPath = "";
			projectRoot = "";
			targets = (
				66A7FC641B5AD6B30012358D /* uerani */,
				66A7FC7B1B5AD6B30012358D /* ueraniTests */,
			);
		};
/* End PBXProject section */

/* Begin PBXResourcesBuildPhase section */
		66A7FC631B5AD6B30012358D /* Resources */ = {
			isa = PBXResourcesBuildPhase;
			buildActionMask = 2147483647;
			files = (
				66F55AC21B8BF221005C2F49 /* CustomCallout.png in Resources */,
				66A7FC721B5AD6B30012358D /* Main.storyboard in Resources */,
				6684E4CB1B82AC9100B67B0A /* foursquare-logomark-white.pdf in Resources */,
				66382C291B6D103100F5644C /* default_64.png in Resources */,
				66F55AC61B8BF9CB005C2F49 /* ConnectToFoursquare.png in Resources */,
				66F55A9A1B8BE253005C2F49 /* MapView.png in Resources */,
				664C5D861B7FFC1400EDA856 /* poweredby-black.pdf in Resources */,
				66A265641B8901CB005C4970 /* user.pdf in Resources */,
				66F55A981B8BE23B005C2F49 /* CategoryFilter.png in Resources */,
				66418A891B9B59BE00345AF6 /* map_pin_64_black.pdf in Resources */,
				66A7FC771B5AD6B30012358D /* LaunchScreen.xib in Resources */,
				66418A881B9B59BE00345AF6 /* map_pin_64_white.pdf in Resources */,
				66A265661B8903A0005C4970 /* notes.pdf in Resources */,
				66A265621B890112005C4970 /* map.pdf in Resources */,
				661B6D041B82A68B00E710B4 /* foursquare-wordmark-white.pdf in Resources */,
				66A2655E1B88FCF0005C4970 /* Images.xcassets in Resources */,
				66382C231B69A62C00F5644C /* default_32.png in Resources */,
				6684E4CC1B82AC9100B67B0A /* foursquare-logomark.pdf in Resources */,
			);
			runOnlyForDeploymentPostprocessing = 0;
		};
		66A7FC7A1B5AD6B30012358D /* Resources */ = {
			isa = PBXResourcesBuildPhase;
			buildActionMask = 2147483647;
			files = (
			);
			runOnlyForDeploymentPostprocessing = 0;
		};
/* End PBXResourcesBuildPhase section */

/* Begin PBXShellScriptBuildPhase section */
		360B132DA0B79423764D68FF /* Check Pods Manifest.lock */ = {
			isa = PBXShellScriptBuildPhase;
			buildActionMask = 2147483647;
			files = (
			);
			inputPaths = (
			);
			name = "Check Pods Manifest.lock";
			outputPaths = (
			);
			runOnlyForDeploymentPostprocessing = 0;
			shellPath = /bin/sh;
			shellScript = "diff \"${PODS_ROOT}/../Podfile.lock\" \"${PODS_ROOT}/Manifest.lock\" > /dev/null\nif [[ $? != 0 ]] ; then\n    cat << EOM\nerror: The sandbox is not in sync with the Podfile.lock. Run 'pod install' or update your CocoaPods installation.\nEOM\n    exit 1\nfi\n";
			showEnvVarsInLog = 0;
		};
		608E49545762085092641435 /* Copy Pods Resources */ = {
			isa = PBXShellScriptBuildPhase;
			buildActionMask = 2147483647;
			files = (
			);
			inputPaths = (
			);
			name = "Copy Pods Resources";
			outputPaths = (
			);
			runOnlyForDeploymentPostprocessing = 0;
			shellPath = /bin/sh;
			shellScript = "\"${SRCROOT}/Pods/Target Support Files/Pods-ueraniTests/Pods-ueraniTests-resources.sh\"\n";
			showEnvVarsInLog = 0;
		};
		654A0539D0FCC55AA8052AA2 /* Embed Pods Frameworks */ = {
			isa = PBXShellScriptBuildPhase;
			buildActionMask = 2147483647;
			files = (
			);
			inputPaths = (
			);
			name = "Embed Pods Frameworks";
			outputPaths = (
			);
			runOnlyForDeploymentPostprocessing = 0;
			shellPath = /bin/sh;
			shellScript = "\"${SRCROOT}/Pods/Target Support Files/Pods-uerani/Pods-uerani-frameworks.sh\"\n";
			showEnvVarsInLog = 0;
		};
		BE5A94EEE932B142D0C36EF0 /* Copy Pods Resources */ = {
			isa = PBXShellScriptBuildPhase;
			buildActionMask = 2147483647;
			files = (
			);
			inputPaths = (
			);
			name = "Copy Pods Resources";
			outputPaths = (
			);
			runOnlyForDeploymentPostprocessing = 0;
			shellPath = /bin/sh;
			shellScript = "\"${SRCROOT}/Pods/Target Support Files/Pods-uerani/Pods-uerani-resources.sh\"\n";
			showEnvVarsInLog = 0;
		};
		D47358DD3416FF5B115BEF15 /* Check Pods Manifest.lock */ = {
			isa = PBXShellScriptBuildPhase;
			buildActionMask = 2147483647;
			files = (
			);
			inputPaths = (
			);
			name = "Check Pods Manifest.lock";
			outputPaths = (
			);
			runOnlyForDeploymentPostprocessing = 0;
			shellPath = /bin/sh;
			shellScript = "diff \"${PODS_ROOT}/../Podfile.lock\" \"${PODS_ROOT}/Manifest.lock\" > /dev/null\nif [[ $? != 0 ]] ; then\n    cat << EOM\nerror: The sandbox is not in sync with the Podfile.lock. Run 'pod install' or update your CocoaPods installation.\nEOM\n    exit 1\nfi\n";
			showEnvVarsInLog = 0;
		};
		DAF51ED504F1402BC4ECB7AA /* Embed Pods Frameworks */ = {
			isa = PBXShellScriptBuildPhase;
			buildActionMask = 2147483647;
			files = (
			);
			inputPaths = (
			);
			name = "Embed Pods Frameworks";
			outputPaths = (
			);
			runOnlyForDeploymentPostprocessing = 0;
			shellPath = /bin/sh;
			shellScript = "\"${SRCROOT}/Pods/Target Support Files/Pods-ueraniTests/Pods-ueraniTests-frameworks.sh\"\n";
			showEnvVarsInLog = 0;
		};
/* End PBXShellScriptBuildPhase section */

/* Begin PBXSourcesBuildPhase section */
		66A7FC611B5AD6B30012358D /* Sources */ = {
			isa = PBXSourcesBuildPhase;
			buildActionMask = 2147483647;
			files = (
				66418A851B9B58EA00345AF6 /* CDPrice.swift in Sources */,
				664C5D831B7FDE1100EDA856 /* MapViewSearchDelegate.swift in Sources */,
				66A265701B8A642D005C4970 /* UserViewController.swift in Sources */,
				66A7FCAD1B5AD7A70012358D /* FoursquareConvenience.swift in Sources */,
				6688F1391B9204CA008BF82B /* UserViewTop.swift in Sources */,
				6693063A1B99168F00E148DF /* IconCapable.swift in Sources */,
				66F55AC81B8E3C8D005C2F49 /* DirectedGraph.swift in Sources */,
				66A7FCA21B5AD7600012358D /* HttpClientConstants.swift in Sources */,
				66A7FCB61B5AD7CA0012358D /* FoursquareLocationMapAnnotation.swift in Sources */,
				66A2656B1B8A5718005C4970 /* ImageUtils.swift in Sources */,
				66382C251B6C439E00F5644C /* AccesorizedCalloutAnnotationView.swift in Sources */,
				66A7FC9C1B5AD7470012358D /* FVenue.swift in Sources */,
				66AFDC5D1B60692C002413DB /* CalloutMapAnnotationView.swift in Sources */,
				66418A7B1B9B530A00345AF6 /* FTimeFrames.swift in Sources */,
				66A265741B8A9AA6005C4970 /* CDTag.swift in Sources */,
				6603AD9C1B7A3A1000ABF2F6 /* SearchViewProgress.swift in Sources */,
				66A7FC991B5AD7470012358D /* FLocation.swift in Sources */,
				6688F12D1B911E37008BF82B /* FContact.swift in Sources */,
				66A7FCAA1B5AD7A70012358D /* FoursquareClient.swift in Sources */,
				66F55ACA1B8E4040005C2F49 /* SymbolGraph.swift in Sources */,
				66A1162D1B72E2E500498070 /* Uerani.xcdatamodeld in Sources */,
				6684E4D21B82B27600B67B0A /* FSButtonButton.swift in Sources */,
				66418A701B9A577700345AF6 /* VenueDetailController.swift in Sources */,
				66382C271B6C4AFA00F5644C /* BasicMapAnnotationView.swift in Sources */,
				6693062E1B92AD9900E148DF /* UserRefreshOperation.swift in Sources */,
				66A2657A1B8A9DD7005C4970 /* CDLocation.swift in Sources */,
				66A7FC961B5AD7470012358D /* FCategory.swift in Sources */,
				66A7FCA31B5AD7600012358D /* HTTPClientProtocol.swift in Sources */,
				66A116311B72E34C00498070 /* CDCategory.swift in Sources */,
				66A265691B8A569A005C4970 /* UeraniTabBarViewController.swift in Sources */,
				66F55AD01B8E4EBE005C2F49 /* DirectedDepthFirstSearch.swift in Sources */,
				66A7FC9D1B5AD7470012358D /* SearchBoxCenter.swift in Sources */,
				66A7FCBD1B5AD7CA0012358D /* SearchBox.swift in Sources */,
				6688F12F1B911F6F008BF82B /* CDContact.swift in Sources */,
				6657BF031B5D565B00C94677 /* ImageCache.swift in Sources */,
				66A7FCB81B5AD7CA0012358D /* GeoLocation.swift in Sources */,
				664C5D811B7FDCFF00EDA856 /* MapViewCategoriesTableDelegate.swift in Sources */,
				66104FD01B7D741A004E32A6 /* ClusteredPinAnnotationView.swift in Sources */,
				66A7FCBA1B5AD7CA0012358D /* VenueLocationSearchMediator.swift in Sources */,
				664C5D7F1B7FDC7B00EDA856 /* MapViewDelegateController.swift in Sources */,
				66A7FCBB1B5AD7CA0012358D /* MapViewController.swift in Sources */,
				66A265721B8A9593005C4970 /* CDUser.swift in Sources */,
				66A265761B8A9B3A005C4970 /* CDPhoto.swift in Sources */,
				66382C211B6996DF00F5644C /* Regex.swift in Sources */,
				66A116291B72E2A700498070 /* CoreDataModel.swift in Sources */,
				66418A7D1B9B549E00345AF6 /* FPrice.swift in Sources */,
				66418A751B9A6EA900345AF6 /* VenueDetailViewModel.swift in Sources */,
				66A7FC981B5AD7470012358D /* FIcon.swift in Sources */,
				669306381B98A43900E148DF /* UeraniColor.swift in Sources */,
				66418A791B9B519A00345AF6 /* FHours.swift in Sources */,
				66A7FC9A1B5AD7470012358D /* FPhoto.swift in Sources */,
				669306321B9524FC00E148DF /* DownloadImageUtil.swift in Sources */,
				66F55AD21B8E5E62005C2F49 /* CategroyVenueFilter.swift in Sources */,
				66A7FCB91B5AD7CA0012358D /* LocationRequestManager.swift in Sources */,
				66382C2B1B6D312B00F5644C /* FoursquareAnnotationVenueInformationView.swift in Sources */,
				6657BF051B5D588100C94677 /* FoursquareCategoryIconWorker.swift in Sources */,
				66F55ACC1B8E4169005C2F49 /* Queue.swift in Sources */,
				66418A7F1B9B55B600345AF6 /* CDHours.swift in Sources */,
				66A116371B72E79000498070 /* CDIcon.swift in Sources */,
				6688F1371B920221008BF82B /* UserPhotoView.swift in Sources */,
				66418A831B9B571200345AF6 /* CDTimeOpenFrames.swift in Sources */,
				667940681B70324E003A29A9 /* VenueCategoriesOperation.swift in Sources */,
				66104FD21B7D7B95004E32A6 /* CategoryPinAnnotaitonView.swift in Sources */,
				669306341B97A07E00E148DF /* UserViewModel.swift in Sources */,
				6688F1311B912760008BF82B /* CDVenueList.swift in Sources */,
				66418A731B9A620B00345AF6 /* VenueDetailOperation.swift in Sources */,
				66A7FCBC1B5AD7CA0012358D /* RefreshMapAnnotationOperation.swift in Sources */,
				66A7FCA11B5AD7600012358D /* HTTPClient.swift in Sources */,
				66A7FCAB1B5AD7A70012358D /* FoursquareConfig.swift in Sources */,
				6684E4CF1B82B05F00B67B0A /* LoginViewController.swift in Sources */,
				66A265501B88C874005C4970 /* FoursquareConstants.swift in Sources */,
				66A1162A1B72E2A700498070 /* CoreDataStackManager.swift in Sources */,
				66A7FC9B1B5AD7470012358D /* FTag.swift in Sources */,
				66A2657C1B8A9EC1005C4970 /* CDVenue.swift in Sources */,
				66A116281B72E2A700498070 /* CoreDataStack.swift in Sources */,
				66418A811B9B567F00345AF6 /* CDTimeFrames.swift in Sources */,
				66A7FCB71B5AD7CA0012358D /* FoursquareLocationOperation.swift in Sources */,
				66AC96A31B670D7500621F56 /* CalloutAnnotation.swift in Sources */,
				661B6D021B82A23900E710B4 /* FoursquareVenueDetailsAnnotationView.swift in Sources */,
				669306301B938E2C00E148DF /* AbstractCoreDataOperation.swift in Sources */,
				669306361B97D6C700E148DF /* BorderedButton.swift in Sources */,
				66CD1B041B7974AD00F4778D /* SearchViewWtihProgress.swift in Sources */,
				66A116351B72E68500498070 /* NSManagedObject.swift in Sources */,
				66F55ACE1B8E4232005C2F49 /* QNode.swift in Sources */,
				66A7FC6B1B5AD6B30012358D /* AppDelegate.swift in Sources */,
				66FBB1801B77CE88009374C1 /* CDSubCategory.swift in Sources */,
			);
			runOnlyForDeploymentPostprocessing = 0;
		};
		66A7FC781B5AD6B30012358D /* Sources */ = {
			isa = PBXSourcesBuildPhase;
			buildActionMask = 2147483647;
			files = (
				66F693271B5AD92000C70E52 /* FoursquareClientTests.swift in Sources */,
			);
			runOnlyForDeploymentPostprocessing = 0;
		};
/* End PBXSourcesBuildPhase section */

/* Begin PBXTargetDependency section */
		66A7FC7E1B5AD6B30012358D /* PBXTargetDependency */ = {
			isa = PBXTargetDependency;
			target = 66A7FC641B5AD6B30012358D /* uerani */;
			targetProxy = 66A7FC7D1B5AD6B30012358D /* PBXContainerItemProxy */;
		};
/* End PBXTargetDependency section */

/* Begin PBXVariantGroup section */
		66A7FC701B5AD6B30012358D /* Main.storyboard */ = {
			isa = PBXVariantGroup;
			children = (
				66A7FC711B5AD6B30012358D /* Base */,
			);
			name = Main.storyboard;
			sourceTree = "<group>";
		};
		66A7FC751B5AD6B30012358D /* LaunchScreen.xib */ = {
			isa = PBXVariantGroup;
			children = (
				66A7FC761B5AD6B30012358D /* Base */,
			);
			name = LaunchScreen.xib;
			sourceTree = "<group>";
		};
/* End PBXVariantGroup section */

/* Begin XCBuildConfiguration section */
		66A7FC841B5AD6B30012358D /* Debug */ = {
			isa = XCBuildConfiguration;
			buildSettings = {
				ALWAYS_SEARCH_USER_PATHS = NO;
				CLANG_CXX_LANGUAGE_STANDARD = "gnu++0x";
				CLANG_CXX_LIBRARY = "libc++";
				CLANG_ENABLE_MODULES = YES;
				CLANG_ENABLE_OBJC_ARC = YES;
				CLANG_WARN_BOOL_CONVERSION = YES;
				CLANG_WARN_CONSTANT_CONVERSION = YES;
				CLANG_WARN_DIRECT_OBJC_ISA_USAGE = YES_ERROR;
				CLANG_WARN_EMPTY_BODY = YES;
				CLANG_WARN_ENUM_CONVERSION = YES;
				CLANG_WARN_INT_CONVERSION = YES;
				CLANG_WARN_OBJC_ROOT_CLASS = YES_ERROR;
				CLANG_WARN_UNREACHABLE_CODE = YES;
				CLANG_WARN__DUPLICATE_METHOD_MATCH = YES;
				"CODE_SIGN_IDENTITY[sdk=iphoneos*]" = "iPhone Developer";
				COPY_PHASE_STRIP = NO;
				DEBUG_INFORMATION_FORMAT = "dwarf-with-dsym";
				ENABLE_STRICT_OBJC_MSGSEND = YES;
				GCC_C_LANGUAGE_STANDARD = gnu99;
				GCC_DYNAMIC_NO_PIC = NO;
				GCC_NO_COMMON_BLOCKS = YES;
				GCC_OPTIMIZATION_LEVEL = 0;
				GCC_PREPROCESSOR_DEFINITIONS = (
					"DEBUG=1",
					"$(inherited)",
				);
				GCC_SYMBOLS_PRIVATE_EXTERN = NO;
				GCC_WARN_64_TO_32_BIT_CONVERSION = YES;
				GCC_WARN_ABOUT_RETURN_TYPE = YES_ERROR;
				GCC_WARN_UNDECLARED_SELECTOR = YES;
				GCC_WARN_UNINITIALIZED_AUTOS = YES_AGGRESSIVE;
				GCC_WARN_UNUSED_FUNCTION = YES;
				GCC_WARN_UNUSED_VARIABLE = YES;
				IPHONEOS_DEPLOYMENT_TARGET = 8.4;
				MTL_ENABLE_DEBUG_INFO = YES;
				ONLY_ACTIVE_ARCH = YES;
				SDKROOT = iphoneos;
				SWIFT_OPTIMIZATION_LEVEL = "-Onone";
			};
			name = Debug;
		};
		66A7FC851B5AD6B30012358D /* Release */ = {
			isa = XCBuildConfiguration;
			buildSettings = {
				ALWAYS_SEARCH_USER_PATHS = NO;
				CLANG_CXX_LANGUAGE_STANDARD = "gnu++0x";
				CLANG_CXX_LIBRARY = "libc++";
				CLANG_ENABLE_MODULES = YES;
				CLANG_ENABLE_OBJC_ARC = YES;
				CLANG_WARN_BOOL_CONVERSION = YES;
				CLANG_WARN_CONSTANT_CONVERSION = YES;
				CLANG_WARN_DIRECT_OBJC_ISA_USAGE = YES_ERROR;
				CLANG_WARN_EMPTY_BODY = YES;
				CLANG_WARN_ENUM_CONVERSION = YES;
				CLANG_WARN_INT_CONVERSION = YES;
				CLANG_WARN_OBJC_ROOT_CLASS = YES_ERROR;
				CLANG_WARN_UNREACHABLE_CODE = YES;
				CLANG_WARN__DUPLICATE_METHOD_MATCH = YES;
				"CODE_SIGN_IDENTITY[sdk=iphoneos*]" = "iPhone Developer";
				COPY_PHASE_STRIP = NO;
				DEBUG_INFORMATION_FORMAT = "dwarf-with-dsym";
				ENABLE_NS_ASSERTIONS = NO;
				ENABLE_STRICT_OBJC_MSGSEND = YES;
				GCC_C_LANGUAGE_STANDARD = gnu99;
				GCC_NO_COMMON_BLOCKS = YES;
				GCC_WARN_64_TO_32_BIT_CONVERSION = YES;
				GCC_WARN_ABOUT_RETURN_TYPE = YES_ERROR;
				GCC_WARN_UNDECLARED_SELECTOR = YES;
				GCC_WARN_UNINITIALIZED_AUTOS = YES_AGGRESSIVE;
				GCC_WARN_UNUSED_FUNCTION = YES;
				GCC_WARN_UNUSED_VARIABLE = YES;
				IPHONEOS_DEPLOYMENT_TARGET = 8.4;
				MTL_ENABLE_DEBUG_INFO = NO;
				SDKROOT = iphoneos;
				VALIDATE_PRODUCT = YES;
			};
			name = Release;
		};
		66A7FC871B5AD6B30012358D /* Debug */ = {
			isa = XCBuildConfiguration;
			baseConfigurationReference = 85E0F1A40D3471844F2285F2 /* Pods-uerani.debug.xcconfig */;
			buildSettings = {
				ASSETCATALOG_COMPILER_APPICON_NAME = AppIcon;
				INFOPLIST_FILE = uerani/Info.plist;
				LD_RUNPATH_SEARCH_PATHS = "$(inherited) @executable_path/Frameworks";
				PRODUCT_NAME = "$(TARGET_NAME)";
			};
			name = Debug;
		};
		66A7FC881B5AD6B30012358D /* Release */ = {
			isa = XCBuildConfiguration;
			baseConfigurationReference = 9A8F73D411711F3734457C38 /* Pods-uerani.release.xcconfig */;
			buildSettings = {
				ASSETCATALOG_COMPILER_APPICON_NAME = AppIcon;
				INFOPLIST_FILE = uerani/Info.plist;
				LD_RUNPATH_SEARCH_PATHS = "$(inherited) @executable_path/Frameworks";
				PRODUCT_NAME = "$(TARGET_NAME)";
			};
			name = Release;
		};
		66A7FC8A1B5AD6B30012358D /* Debug */ = {
			isa = XCBuildConfiguration;
			baseConfigurationReference = FC7C39EDE3E827EA1A81B3A5 /* Pods-ueraniTests.debug.xcconfig */;
			buildSettings = {
				BUNDLE_LOADER = "$(TEST_HOST)";
				FRAMEWORK_SEARCH_PATHS = (
					"$(SDKROOT)/Developer/Library/Frameworks",
					"$(inherited)",
				);
				GCC_PREPROCESSOR_DEFINITIONS = (
					"DEBUG=1",
					"$(inherited)",
				);
				INFOPLIST_FILE = ueraniTests/Info.plist;
				LD_RUNPATH_SEARCH_PATHS = "$(inherited) @executable_path/Frameworks @loader_path/Frameworks";
				PRODUCT_NAME = "$(TARGET_NAME)";
				TEST_HOST = "$(BUILT_PRODUCTS_DIR)/uerani.app/uerani";
			};
			name = Debug;
		};
		66A7FC8B1B5AD6B30012358D /* Release */ = {
			isa = XCBuildConfiguration;
			baseConfigurationReference = FAB889540958862FE601A106 /* Pods-ueraniTests.release.xcconfig */;
			buildSettings = {
				BUNDLE_LOADER = "$(TEST_HOST)";
				FRAMEWORK_SEARCH_PATHS = (
					"$(SDKROOT)/Developer/Library/Frameworks",
					"$(inherited)",
				);
				INFOPLIST_FILE = ueraniTests/Info.plist;
				LD_RUNPATH_SEARCH_PATHS = "$(inherited) @executable_path/Frameworks @loader_path/Frameworks";
				PRODUCT_NAME = "$(TARGET_NAME)";
				TEST_HOST = "$(BUILT_PRODUCTS_DIR)/uerani.app/uerani";
			};
			name = Release;
		};
/* End XCBuildConfiguration section */

/* Begin XCConfigurationList section */
		66A7FC601B5AD6B30012358D /* Build configuration list for PBXProject "uerani" */ = {
			isa = XCConfigurationList;
			buildConfigurations = (
				66A7FC841B5AD6B30012358D /* Debug */,
				66A7FC851B5AD6B30012358D /* Release */,
			);
			defaultConfigurationIsVisible = 0;
			defaultConfigurationName = Release;
		};
		66A7FC861B5AD6B30012358D /* Build configuration list for PBXNativeTarget "uerani" */ = {
			isa = XCConfigurationList;
			buildConfigurations = (
				66A7FC871B5AD6B30012358D /* Debug */,
				66A7FC881B5AD6B30012358D /* Release */,
			);
			defaultConfigurationIsVisible = 0;
			defaultConfigurationName = Release;
		};
		66A7FC891B5AD6B30012358D /* Build configuration list for PBXNativeTarget "ueraniTests" */ = {
			isa = XCConfigurationList;
			buildConfigurations = (
				66A7FC8A1B5AD6B30012358D /* Debug */,
				66A7FC8B1B5AD6B30012358D /* Release */,
			);
			defaultConfigurationIsVisible = 0;
			defaultConfigurationName = Release;
		};
/* End XCConfigurationList section */

/* Begin XCVersionGroup section */
		66A1162B1B72E2E500498070 /* Uerani.xcdatamodeld */ = {
			isa = XCVersionGroup;
			children = (
				66A1162C1B72E2E500498070 /* Uerani.xcdatamodel */,
			);
			currentVersion = 66A1162C1B72E2E500498070 /* Uerani.xcdatamodel */;
			path = Uerani.xcdatamodeld;
			sourceTree = "<group>";
			versionGroupType = wrapper.xcdatamodel;
		};
/* End XCVersionGroup section */
	};
	rootObject = 66A7FC5D1B5AD6B30012358D /* Project object */;
}
